
Microsoft Visual Studio Solution File, Format Version 12.00
# Visual Studio Version 17
VisualStudioVersion = 17.4.33213.308
MinimumVisualStudioVersion = 10.0.40219.1
Project("{FAE04EC0-301F-11D3-BF4B-00C04F79EFBC}") = "Milestone 2", "Milestone 2.csproj", "{9F717499-5B5C-4212-B5E6-0D0FED222CAE}"
EndProject
Global
	GlobalSection(SolutionConfigurationPlatforms) = preSolution
		Debug|Any CPU = Debug|Any CPU
		Release|Any CPU = Release|Any CPU
	EndGlobalSection
	GlobalSection(ProjectConfigurationPlatforms) = postSolution
		{9F717499-5B5C-4212-B5E6-0D0FED222CAE}.Debug|Any CPU.ActiveCfg = Debug|Any CPU
		{9F717499-5B5C-4212-B5E6-0D0FED222CAE}.Debug|Any CPU.Build.0 = Debug|Any CPU
		{9F717499-5B5C-4212-B5E6-0D0FED222CAE}.Release|Any CPU.ActiveCfg = Release|Any CPU
		{9F717499-5B5C-4212-B5E6-0D0FED222CAE}.Release|Any CPU.Build.0 = Release|Any CPU
	EndGlobalSection
	GlobalSection(SolutionProperties) = preSolution
		HideSolutionNode = FALSE
	EndGlobalSection
	GlobalSection(ExtensibilityGlobals) = postSolution
		SolutionGuid = {A7BF601A-B030-4D81-81D4-C28F476446D5}
	EndGlobalSection
EndGlobal
