
Microsoft Visual Studio Solution File, Format Version 12.00
# Visual Studio Version 17
VisualStudioVersion = 17.4.33213.308
MinimumVisualStudioVersion = 10.0.40219.1
Project("{FAE04EC0-301F-11D3-BF4B-00C04F79EFBC}") = "Activity 7", "Activity 7.csproj", "{C357B948-84D6-4E0B-A85C-518841EBFE27}"
EndProject
Global
	GlobalSection(SolutionConfigurationPlatforms) = preSolution
		Debug|Any CPU = Debug|Any CPU
		Release|Any CPU = Release|Any CPU
	EndGlobalSection
	GlobalSection(ProjectConfigurationPlatforms) = postSolution
		{C357B948-84D6-4E0B-A85C-518841EBFE27}.Debug|Any CPU.ActiveCfg = Debug|Any CPU
		{C357B948-84D6-4E0B-A85C-518841EBFE27}.Debug|Any CPU.Build.0 = Debug|Any CPU
		{C357B948-84D6-4E0B-A85C-518841EBFE27}.Release|Any CPU.ActiveCfg = Release|Any CPU
		{C357B948-84D6-4E0B-A85C-518841EBFE27}.Release|Any CPU.Build.0 = Release|Any CPU
	EndGlobalSection
	GlobalSection(SolutionProperties) = preSolution
		HideSolutionNode = FALSE
	EndGlobalSection
	GlobalSection(ExtensibilityGlobals) = postSolution
		SolutionGuid = {D1BBCE25-1E14-4EF8-8531-86F2F53D1E7B}
	EndGlobalSection
EndGlobal
