
Microsoft Visual Studio Solution File, Format Version 12.00
# Visual Studio Version 17
VisualStudioVersion = 17.4.33205.214
MinimumVisualStudioVersion = 10.0.40219.1
Project("{FAE04EC0-301F-11D3-BF4B-00C04F79EFBC}") = "Activity 1", "Activity 1.csproj", "{ED3581BE-6E81-445E-9379-DA673239A9F8}"
EndProject
Global
	GlobalSection(SolutionConfigurationPlatforms) = preSolution
		Debug|Any CPU = Debug|Any CPU
		Release|Any CPU = Release|Any CPU
	EndGlobalSection
	GlobalSection(ProjectConfigurationPlatforms) = postSolution
		{ED3581BE-6E81-445E-9379-DA673239A9F8}.Debug|Any CPU.ActiveCfg = Debug|Any CPU
		{ED3581BE-6E81-445E-9379-DA673239A9F8}.Debug|Any CPU.Build.0 = Debug|Any CPU
		{ED3581BE-6E81-445E-9379-DA673239A9F8}.Release|Any CPU.ActiveCfg = Release|Any CPU
		{ED3581BE-6E81-445E-9379-DA673239A9F8}.Release|Any CPU.Build.0 = Release|Any CPU
	EndGlobalSection
	GlobalSection(SolutionProperties) = preSolution
		HideSolutionNode = FALSE
	EndGlobalSection
	GlobalSection(ExtensibilityGlobals) = postSolution
		SolutionGuid = {C4C3898A-7848-45B9-8A8B-4AD8EB438620}
	EndGlobalSection
EndGlobal
